
Microsoft Visual Studio Solution File, Format Version 12.00
# Visual Studio Version 16
VisualStudioVersion = 16.0.29215.179
MinimumVisualStudioVersion = 10.0.40219.1
Project("{9A19103F-16F7-4668-BE54-9A1E7A4F7556}") = "GraphMLWriter", "GraphMLWriter\GraphMLWriter.csproj", "{2216A69D-2CBE-426F-A891-34512208226D}"
EndProject
Project("{9A19103F-16F7-4668-BE54-9A1E7A4F7556}") = "GraphMLWriterTest", "GraphMLWriterTest\GraphMLWriterTest.csproj", "{72D54C2D-DF56-412D-9AA8-8358C9284A04}"
EndProject
Project("{FAE04EC0-301F-11D3-BF4B-00C04F79EFBC}") = "GraphML", "GraphML\GraphML.csproj", "{FF743838-5609-4E06-849C-63DBDB9474FC}"
EndProject
Global
	GlobalSection(SolutionConfigurationPlatforms) = preSolution
		Debug|Any CPU = Debug|Any CPU
		Release|Any CPU = Release|Any CPU
	EndGlobalSection
	GlobalSection(ProjectConfigurationPlatforms) = postSolution
		{2216A69D-2CBE-426F-A891-34512208226D}.Debug|Any CPU.ActiveCfg = Debug|Any CPU
		{2216A69D-2CBE-426F-A891-34512208226D}.Debug|Any CPU.Build.0 = Debug|Any CPU
		{2216A69D-2CBE-426F-A891-34512208226D}.Release|Any CPU.ActiveCfg = Release|Any CPU
		{2216A69D-2CBE-426F-A891-34512208226D}.Release|Any CPU.Build.0 = Release|Any CPU
		{72D54C2D-DF56-412D-9AA8-8358C9284A04}.Debug|Any CPU.ActiveCfg = Debug|Any CPU
		{72D54C2D-DF56-412D-9AA8-8358C9284A04}.Debug|Any CPU.Build.0 = Debug|Any CPU
		{72D54C2D-DF56-412D-9AA8-8358C9284A04}.Release|Any CPU.ActiveCfg = Release|Any CPU
		{72D54C2D-DF56-412D-9AA8-8358C9284A04}.Release|Any CPU.Build.0 = Release|Any CPU
		{FF743838-5609-4E06-849C-63DBDB9474FC}.Debug|Any CPU.ActiveCfg = Debug|Any CPU
		{FF743838-5609-4E06-849C-63DBDB9474FC}.Debug|Any CPU.Build.0 = Debug|Any CPU
		{FF743838-5609-4E06-849C-63DBDB9474FC}.Release|Any CPU.ActiveCfg = Release|Any CPU
		{FF743838-5609-4E06-849C-63DBDB9474FC}.Release|Any CPU.Build.0 = Release|Any CPU
	EndGlobalSection
	GlobalSection(SolutionProperties) = preSolution
		HideSolutionNode = FALSE
	EndGlobalSection
	GlobalSection(ExtensibilityGlobals) = postSolution
		SolutionGuid = {338EC99D-FD94-4532-9161-25D447E23F30}
	EndGlobalSection
EndGlobal
